
Microsoft Visual Studio Solution File, Format Version 12.00
# Visual Studio 15
VisualStudioVersion = 15.0.28010.2036
MinimumVisualStudioVersion = 10.0.40219.1
Project("{F184B08F-C81C-45F6-A57F-5ABD9991F28F}") = "VSPCN2HK", "VSPCN2HK\VSPCN2HK.vbproj", "{D6CBB9C4-E833-4E9A-B742-83ED8E83A97B}"
EndProject
Global
	GlobalSection(SolutionConfigurationPlatforms) = preSolution
		Debug|Any CPU = Debug|Any CPU
		Release|Any CPU = Release|Any CPU
	EndGlobalSection
	GlobalSection(ProjectConfigurationPlatforms) = postSolution
		{D6CBB9C4-E833-4E9A-B742-83ED8E83A97B}.Debug|Any CPU.ActiveCfg = Debug|Any CPU
		{D6CBB9C4-E833-4E9A-B742-83ED8E83A97B}.Debug|Any CPU.Build.0 = Debug|Any CPU
		{D6CBB9C4-E833-4E9A-B742-83ED8E83A97B}.Release|Any CPU.ActiveCfg = Release|Any CPU
		{D6CBB9C4-E833-4E9A-B742-83ED8E83A97B}.Release|Any CPU.Build.0 = Release|Any CPU
	EndGlobalSection
	GlobalSection(SolutionProperties) = preSolution
		HideSolutionNode = FALSE
	EndGlobalSection
	GlobalSection(ExtensibilityGlobals) = postSolution
		SolutionGuid = {B213953F-5B74-435F-8555-1777E93CA725}
	EndGlobalSection
EndGlobal
